// !$*UTF8*$!
{
	archiveVersion = 1;
	classes = {
	};
	objectVersion = 46;
	objects = {

/* Begin PBXBuildFile section */
		4D4349991E86802D000EB4C6 /* AppDelegate.swift in Sources */ = {isa = PBXBuildFile; fileRef = 4D4349981E86802D000EB4C6 /* AppDelegate.swift */; };
		4D43499B1E86802E000EB4C6 /* MapViewController.swift in Sources */ = {isa = PBXBuildFile; fileRef = 4D43499A1E86802E000EB4C6 /* MapViewController.swift */; };
		4D43499E1E86802E000EB4C6 /* Main.storyboard in Resources */ = {isa = PBXBuildFile; fileRef = 4D43499C1E86802E000EB4C6 /* Main.storyboard */; };
		4D4349A01E86802E000EB4C6 /* Assets.xcassets in Resources */ = {isa = PBXBuildFile; fileRef = 4D43499F1E86802E000EB4C6 /* Assets.xcassets */; };
		4D4349A31E86802E000EB4C6 /* LaunchScreen.storyboard in Resources */ = {isa = PBXBuildFile; fileRef = 4D4349A11E86802E000EB4C6 /* LaunchScreen.storyboard */; };
		4D4349AE1E86802E000EB4C6 /* PizzaHuntersTests.swift in Sources */ = {isa = PBXBuildFile; fileRef = 4D4349AD1E86802E000EB4C6 /* PizzaHuntersTests.swift */; };
		4D4349B91E86802E000EB4C6 /* PizzaHuntersUITests.swift in Sources */ = {isa = PBXBuildFile; fileRef = 4D4349B81E86802E000EB4C6 /* PizzaHuntersUITests.swift */; };
		4D4349C71E86EAEB000EB4C6 /* PizzaAnnotation.swift in Sources */ = {isa = PBXBuildFile; fileRef = 4D4349C61E86EAEB000EB4C6 /* PizzaAnnotation.swift */; };
		4DB060E51E883640001A2945 /* PizzaAnnotationView.swift in Sources */ = {isa = PBXBuildFile; fileRef = 4DB060E41E883640001A2945 /* PizzaAnnotationView.swift */; };
		4DB060E71E886CFA001A2945 /* Pizza.png in Resources */ = {isa = PBXBuildFile; fileRef = 4DB060E61E886CFA001A2945 /* Pizza.png */; };
/* End PBXBuildFile section */

/* Begin PBXContainerItemProxy section */
		4D4349AA1E86802E000EB4C6 /* PBXContainerItemProxy */ = {
			isa = PBXContainerItemProxy;
			containerPortal = 4D43498D1E86802C000EB4C6 /* Project object */;
			proxyType = 1;
			remoteGlobalIDString = 4D4349941E86802C000EB4C6;
			remoteInfo = PizzaHunters;
		};
		4D4349B51E86802E000EB4C6 /* PBXContainerItemProxy */ = {
			isa = PBXContainerItemProxy;
			containerPortal = 4D43498D1E86802C000EB4C6 /* Project object */;
			proxyType = 1;
			remoteGlobalIDString = 4D4349941E86802C000EB4C6;
			remoteInfo = PizzaHunters;
		};
/* End PBXContainerItemProxy section */

/* Begin PBXFileReference section */
		4D4349951E86802D000EB4C6 /* GoodAsPizzaPlace.app */ = {isa = PBXFileReference; explicitFileType = wrapper.application; includeInIndex = 0; path = GoodAsPizzaPlace.app; sourceTree = BUILT_PRODUCTS_DIR; };
		4D4349981E86802D000EB4C6 /* AppDelegate.swift */ = {isa = PBXFileReference; lastKnownFileType = sourcecode.swift; path = AppDelegate.swift; sourceTree = "<group>"; };
		4D43499A1E86802E000EB4C6 /* MapViewController.swift */ = {isa = PBXFileReference; lastKnownFileType = sourcecode.swift; path = MapViewController.swift; sourceTree = "<group>"; };
		4D43499D1E86802E000EB4C6 /* Base */ = {isa = PBXFileReference; lastKnownFileType = file.storyboard; name = Base; path = Base.lproj/Main.storyboard; sourceTree = "<group>"; };
		4D43499F1E86802E000EB4C6 /* Assets.xcassets */ = {isa = PBXFileReference; lastKnownFileType = folder.assetcatalog; path = Assets.xcassets; sourceTree = "<group>"; };
		4D4349A21E86802E000EB4C6 /* Base */ = {isa = PBXFileReference; lastKnownFileType = file.storyboard; name = Base; path = Base.lproj/LaunchScreen.storyboard; sourceTree = "<group>"; };
		4D4349A41E86802E000EB4C6 /* Info.plist */ = {isa = PBXFileReference; lastKnownFileType = text.plist.xml; path = Info.plist; sourceTree = "<group>"; };
		4D4349A91E86802E000EB4C6 /* GoodAsPizzaPlaceTests.xctest */ = {isa = PBXFileReference; explicitFileType = wrapper.cfbundle; includeInIndex = 0; path = GoodAsPizzaPlaceTests.xctest; sourceTree = BUILT_PRODUCTS_DIR; };
		4D4349AD1E86802E000EB4C6 /* PizzaHuntersTests.swift */ = {isa = PBXFileReference; lastKnownFileType = sourcecode.swift; path = PizzaHuntersTests.swift; sourceTree = "<group>"; };
		4D4349AF1E86802E000EB4C6 /* Info.plist */ = {isa = PBXFileReference; lastKnownFileType = text.plist.xml; path = Info.plist; sourceTree = "<group>"; };
		4D4349B41E86802E000EB4C6 /* GoodAsPizzaPlaceUITests.xctest */ = {isa = PBXFileReference; explicitFileType = wrapper.cfbundle; includeInIndex = 0; path = GoodAsPizzaPlaceUITests.xctest; sourceTree = BUILT_PRODUCTS_DIR; };
		4D4349B81E86802E000EB4C6 /* PizzaHuntersUITests.swift */ = {isa = PBXFileReference; lastKnownFileType = sourcecode.swift; path = PizzaHuntersUITests.swift; sourceTree = "<group>"; };
		4D4349BA1E86802E000EB4C6 /* Info.plist */ = {isa = PBXFileReference; lastKnownFileType = text.plist.xml; path = Info.plist; sourceTree = "<group>"; };
		4D4349C61E86EAEB000EB4C6 /* PizzaAnnotation.swift */ = {isa = PBXFileReference; fileEncoding = 4; lastKnownFileType = sourcecode.swift; path = PizzaAnnotation.swift; sourceTree = "<group>"; };
		4DB060E41E883640001A2945 /* PizzaAnnotationView.swift */ = {isa = PBXFileReference; fileEncoding = 4; lastKnownFileType = sourcecode.swift; path = PizzaAnnotationView.swift; sourceTree = "<group>"; };
		4DB060E61E886CFA001A2945 /* Pizza.png */ = {isa = PBXFileReference; lastKnownFileType = image.png; name = Pizza.png; path = ../../../../Downloads/PizzaHunters/PizzaHunters/Pizza.png; sourceTree = "<group>"; };
/* End PBXFileReference section */

/* Begin PBXFrameworksBuildPhase section */
		4D4349921E86802C000EB4C6 /* Frameworks */ = {
			isa = PBXFrameworksBuildPhase;
			buildActionMask = 2147483647;
			files = (
			);
			runOnlyForDeploymentPostprocessing = 0;
		};
		4D4349A61E86802E000EB4C6 /* Frameworks */ = {
			isa = PBXFrameworksBuildPhase;
			buildActionMask = 2147483647;
			files = (
			);
			runOnlyForDeploymentPostprocessing = 0;
		};
		4D4349B11E86802E000EB4C6 /* Frameworks */ = {
			isa = PBXFrameworksBuildPhase;
			buildActionMask = 2147483647;
			files = (
			);
			runOnlyForDeploymentPostprocessing = 0;
		};
/* End PBXFrameworksBuildPhase section */

/* Begin PBXGroup section */
		4D43498C1E86802C000EB4C6 = {
			isa = PBXGroup;
			children = (
				4D4349971E86802D000EB4C6 /* PizzaHunters */,
				4D4349AC1E86802E000EB4C6 /* PizzaHuntersTests */,
				4D4349B71E86802E000EB4C6 /* PizzaHuntersUITests */,
				4D4349961E86802D000EB4C6 /* Products */,
			);
			sourceTree = "<group>";
		};
		4D4349961E86802D000EB4C6 /* Products */ = {
			isa = PBXGroup;
			children = (
				4D4349951E86802D000EB4C6 /* GoodAsPizzaPlace.app */,
				4D4349A91E86802E000EB4C6 /* GoodAsPizzaPlaceTests.xctest */,
				4D4349B41E86802E000EB4C6 /* GoodAsPizzaPlaceUITests.xctest */,
			);
			name = Products;
			sourceTree = "<group>";
		};
		4D4349971E86802D000EB4C6 /* PizzaHunters */ = {
			isa = PBXGroup;
			children = (
				4D4349C61E86EAEB000EB4C6 /* PizzaAnnotation.swift */,
				4DB060E41E883640001A2945 /* PizzaAnnotationView.swift */,
				4D4349981E86802D000EB4C6 /* AppDelegate.swift */,
				4D43499A1E86802E000EB4C6 /* MapViewController.swift */,
				4D43499C1E86802E000EB4C6 /* Main.storyboard */,
				4DB060E61E886CFA001A2945 /* Pizza.png */,
				4D43499F1E86802E000EB4C6 /* Assets.xcassets */,
				4D4349A11E86802E000EB4C6 /* LaunchScreen.storyboard */,
				4D4349A41E86802E000EB4C6 /* Info.plist */,
			);
			path = PizzaHunters;
			sourceTree = "<group>";
		};
		4D4349AC1E86802E000EB4C6 /* PizzaHuntersTests */ = {
			isa = PBXGroup;
			children = (
				4D4349AD1E86802E000EB4C6 /* PizzaHuntersTests.swift */,
				4D4349AF1E86802E000EB4C6 /* Info.plist */,
			);
			path = PizzaHuntersTests;
			sourceTree = "<group>";
		};
		4D4349B71E86802E000EB4C6 /* PizzaHuntersUITests */ = {
			isa = PBXGroup;
			children = (
				4D4349B81E86802E000EB4C6 /* PizzaHuntersUITests.swift */,
				4D4349BA1E86802E000EB4C6 /* Info.plist */,
			);
			path = PizzaHuntersUITests;
			sourceTree = "<group>";
		};
/* End PBXGroup section */

/* Begin PBXNativeTarget section */
		4D4349941E86802C000EB4C6 /* GoodAsPizzaPlace */ = {
			isa = PBXNativeTarget;
			buildConfigurationList = 4D4349BD1E86802E000EB4C6 /* Build configuration list for PBXNativeTarget "GoodAsPizzaPlace" */;
			buildPhases = (
				4D4349911E86802C000EB4C6 /* Sources */,
				4D4349921E86802C000EB4C6 /* Frameworks */,
				4D4349931E86802C000EB4C6 /* Resources */,
			);
			buildRules = (
			);
			dependencies = (
			);
			name = GoodAsPizzaPlace;
			productName = PizzaHunters;
			productReference = 4D4349951E86802D000EB4C6 /* GoodAsPizzaPlace.app */;
			productType = "com.apple.product-type.application";
		};
		4D4349A81E86802E000EB4C6 /* GoodAsPizzaPlaceTests */ = {
			isa = PBXNativeTarget;
			buildConfigurationList = 4D4349C01E86802E000EB4C6 /* Build configuration list for PBXNativeTarget "GoodAsPizzaPlaceTests" */;
			buildPhases = (
				4D4349A51E86802E000EB4C6 /* Sources */,
				4D4349A61E86802E000EB4C6 /* Frameworks */,
				4D4349A71E86802E000EB4C6 /* Resources */,
			);
			buildRules = (
			);
			dependencies = (
				4D4349AB1E86802E000EB4C6 /* PBXTargetDependency */,
			);
			name = GoodAsPizzaPlaceTests;
			productName = PizzaHuntersTests;
			productReference = 4D4349A91E86802E000EB4C6 /* GoodAsPizzaPlaceTests.xctest */;
			productType = "com.apple.product-type.bundle.unit-test";
		};
		4D4349B31E86802E000EB4C6 /* GoodAsPizzaPlaceUITests */ = {
			isa = PBXNativeTarget;
			buildConfigurationList = 4D4349C31E86802E000EB4C6 /* Build configuration list for PBXNativeTarget "GoodAsPizzaPlaceUITests" */;
			buildPhases = (
				4D4349B01E86802E000EB4C6 /* Sources */,
				4D4349B11E86802E000EB4C6 /* Frameworks */,
				4D4349B21E86802E000EB4C6 /* Resources */,
			);
			buildRules = (
			);
			dependencies = (
				4D4349B61E86802E000EB4C6 /* PBXTargetDependency */,
			);
			name = GoodAsPizzaPlaceUITests;
			productName = PizzaHuntersUITests;
			productReference = 4D4349B41E86802E000EB4C6 /* GoodAsPizzaPlaceUITests.xctest */;
			productType = "com.apple.product-type.bundle.ui-testing";
		};
/* End PBXNativeTarget section */

/* Begin PBXProject section */
		4D43498D1E86802C000EB4C6 /* Project object */ = {
			isa = PBXProject;
			attributes = {
				LastSwiftUpdateCheck = 0820;
				LastUpgradeCheck = 0820;
				ORGANIZATIONNAME = iMoodyStudios;
				TargetAttributes = {
					4D4349941E86802C000EB4C6 = {
						CreatedOnToolsVersion = 8.2.1;
						DevelopmentTeam = 33L2ZKF2XN;
						ProvisioningStyle = Automatic;
					};
					4D4349A81E86802E000EB4C6 = {
						CreatedOnToolsVersion = 8.2.1;
						DevelopmentTeam = 33L2ZKF2XN;
						ProvisioningStyle = Automatic;
						TestTargetID = 4D4349941E86802C000EB4C6;
					};
					4D4349B31E86802E000EB4C6 = {
						CreatedOnToolsVersion = 8.2.1;
						DevelopmentTeam = 33L2ZKF2XN;
						ProvisioningStyle = Automatic;
						TestTargetID = 4D4349941E86802C000EB4C6;
					};
				};
			};
			buildConfigurationList = 4D4349901E86802C000EB4C6 /* Build configuration list for PBXProject "GoodAsPizzaPlace" */;
			compatibilityVersion = "Xcode 3.2";
			developmentRegion = English;
			hasScannedForEncodings = 0;
			knownRegions = (
				en,
				Base,
			);
			mainGroup = 4D43498C1E86802C000EB4C6;
			productRefGroup = 4D4349961E86802D000EB4C6 /* Products */;
			projectDirPath = "";
			projectRoot = "";
			targets = (
				4D4349941E86802C000EB4C6 /* GoodAsPizzaPlace */,
				4D4349A81E86802E000EB4C6 /* GoodAsPizzaPlaceTests */,
				4D4349B31E86802E000EB4C6 /* GoodAsPizzaPlaceUITests */,
			);
		};
/* End PBXProject section */

/* Begin PBXResourcesBuildPhase section */
		4D4349931E86802C000EB4C6 /* Resources */ = {
			isa = PBXResourcesBuildPhase;
			buildActionMask = 2147483647;
			files = (
				4D4349A31E86802E000EB4C6 /* LaunchScreen.storyboard in Resources */,
				4D4349A01E86802E000EB4C6 /* Assets.xcassets in Resources */,
				4DB060E71E886CFA001A2945 /* Pizza.png in Resources */,
				4D43499E1E86802E000EB4C6 /* Main.storyboard in Resources */,
			);
			runOnlyForDeploymentPostprocessing = 0;
		};
		4D4349A71E86802E000EB4C6 /* Resources */ = {
			isa = PBXResourcesBuildPhase;
			buildActionMask = 2147483647;
			files = (
			);
			runOnlyForDeploymentPostprocessing = 0;
		};
		4D4349B21E86802E000EB4C6 /* Resources */ = {
			isa = PBXResourcesBuildPhase;
			buildActionMask = 2147483647;
			files = (
			);
			runOnlyForDeploymentPostprocessing = 0;
		};
/* End PBXResourcesBuildPhase section */

/* Begin PBXSourcesBuildPhase section */
		4D4349911E86802C000EB4C6 /* Sources */ = {
			isa = PBXSourcesBuildPhase;
			buildActionMask = 2147483647;
			files = (
				4DB060E51E883640001A2945 /* PizzaAnnotationView.swift in Sources */,
				4D4349C71E86EAEB000EB4C6 /* PizzaAnnotation.swift in Sources */,
				4D43499B1E86802E000EB4C6 /* MapViewController.swift in Sources */,
				4D4349991E86802D000EB4C6 /* AppDelegate.swift in Sources */,
			);
			runOnlyForDeploymentPostprocessing = 0;
		};
		4D4349A51E86802E000EB4C6 /* Sources */ = {
			isa = PBXSourcesBuildPhase;
			buildActionMask = 2147483647;
			files = (
				4D4349AE1E86802E000EB4C6 /* PizzaHuntersTests.swift in Sources */,
			);
			runOnlyForDeploymentPostprocessing = 0;
		};
		4D4349B01E86802E000EB4C6 /* Sources */ = {
			isa = PBXSourcesBuildPhase;
			buildActionMask = 2147483647;
			files = (
				4D4349B91E86802E000EB4C6 /* PizzaHuntersUITests.swift in Sources */,
			);
			runOnlyForDeploymentPostprocessing = 0;
		};
/* End PBXSourcesBuildPhase section */

/* Begin PBXTargetDependency section */
		4D4349AB1E86802E000EB4C6 /* PBXTargetDependency */ = {
			isa = PBXTargetDependency;
			target = 4D4349941E86802C000EB4C6 /* GoodAsPizzaPlace */;
			targetProxy = 4D4349AA1E86802E000EB4C6 /* PBXContainerItemProxy */;
		};
		4D4349B61E86802E000EB4C6 /* PBXTargetDependency */ = {
			isa = PBXTargetDependency;
			target = 4D4349941E86802C000EB4C6 /* GoodAsPizzaPlace */;
			targetProxy = 4D4349B51E86802E000EB4C6 /* PBXContainerItemProxy */;
		};
/* End PBXTargetDependency section */

/* Begin PBXVariantGroup section */
		4D43499C1E86802E000EB4C6 /* Main.storyboard */ = {
			isa = PBXVariantGroup;
			children = (
				4D43499D1E86802E000EB4C6 /* Base */,
			);
			name = Main.storyboard;
			sourceTree = "<group>";
		};
		4D4349A11E86802E000EB4C6 /* LaunchScreen.storyboard */ = {
			isa = PBXVariantGroup;
			children = (
				4D4349A21E86802E000EB4C6 /* Base */,
			);
			name = LaunchScreen.storyboard;
			sourceTree = "<group>";
		};
/* End PBXVariantGroup section */

/* Begin XCBuildConfiguration section */
		4D4349BB1E86802E000EB4C6 /* Debug */ = {
			isa = XCBuildConfiguration;
			buildSettings = {
				ALWAYS_SEARCH_USER_PATHS = NO;
				CLANG_ANALYZER_NONNULL = YES;
				CLANG_CXX_LANGUAGE_STANDARD = "gnu++0x";
				CLANG_CXX_LIBRARY = "libc++";
				CLANG_ENABLE_MODULES = YES;
				CLANG_ENABLE_OBJC_ARC = YES;
				CLANG_WARN_BOOL_CONVERSION = YES;
				CLANG_WARN_CONSTANT_CONVERSION = YES;
				CLANG_WARN_DIRECT_OBJC_ISA_USAGE = YES_ERROR;
				CLANG_WARN_DOCUMENTATION_COMMENTS = YES;
				CLANG_WARN_EMPTY_BODY = YES;
				CLANG_WARN_ENUM_CONVERSION = YES;
				CLANG_WARN_INFINITE_RECURSION = YES;
				CLANG_WARN_INT_CONVERSION = YES;
				CLANG_WARN_OBJC_ROOT_CLASS = YES_ERROR;
				CLANG_WARN_SUSPICIOUS_MOVE = YES;
				CLANG_WARN_UNREACHABLE_CODE = YES;
				CLANG_WARN__DUPLICATE_METHOD_MATCH = YES;
				"CODE_SIGN_IDENTITY[sdk=iphoneos*]" = "iPhone Developer";
				COPY_PHASE_STRIP = NO;
				DEBUG_INFORMATION_FORMAT = dwarf;
				ENABLE_STRICT_OBJC_MSGSEND = YES;
				ENABLE_TESTABILITY = YES;
				GCC_C_LANGUAGE_STANDARD = gnu99;
				GCC_DYNAMIC_NO_PIC = NO;
				GCC_NO_COMMON_BLOCKS = YES;
				GCC_OPTIMIZATION_LEVEL = 0;
				GCC_PREPROCESSOR_DEFINITIONS = (
					"DEBUG=1",
					"$(inherited)",
				);
				GCC_WARN_64_TO_32_BIT_CONVERSION = YES;
				GCC_WARN_ABOUT_RETURN_TYPE = YES_ERROR;
				GCC_WARN_UNDECLARED_SELECTOR = YES;
				GCC_WARN_UNINITIALIZED_AUTOS = YES_AGGRESSIVE;
				GCC_WARN_UNUSED_FUNCTION = YES;
				GCC_WARN_UNUSED_VARIABLE = YES;
				IPHONEOS_DEPLOYMENT_TARGET = 10.2;
				MTL_ENABLE_DEBUG_INFO = YES;
				ONLY_ACTIVE_ARCH = YES;
				SDKROOT = iphoneos;
				SWIFT_ACTIVE_COMPILATION_CONDITIONS = DEBUG;
				SWIFT_OPTIMIZATION_LEVEL = "-Onone";
				TARGETED_DEVICE_FAMILY = "1,2";
			};
			name = Debug;
		};
		4D4349BC1E86802E000EB4C6 /* Release */ = {
			isa = XCBuildConfiguration;
			buildSettings = {
				ALWAYS_SEARCH_USER_PATHS = NO;
				CLANG_ANALYZER_NONNULL = YES;
				CLANG_CXX_LANGUAGE_STANDARD = "gnu++0x";
				CLANG_CXX_LIBRARY = "libc++";
				CLANG_ENABLE_MODULES = YES;
				CLANG_ENABLE_OBJC_ARC = YES;
				CLANG_WARN_BOOL_CONVERSION = YES;
				CLANG_WARN_CONSTANT_CONVERSION = YES;
				CLANG_WARN_DIRECT_OBJC_ISA_USAGE = YES_ERROR;
				CLANG_WARN_DOCUMENTATION_COMMENTS = YES;
				CLANG_WARN_EMPTY_BODY = YES;
				CLANG_WARN_ENUM_CONVERSION = YES;
				CLANG_WARN_INFINITE_RECURSION = YES;
				CLANG_WARN_INT_CONVERSION = YES;
				CLANG_WARN_OBJC_ROOT_CLASS = YES_ERROR;
				CLANG_WARN_SUSPICIOUS_MOVE = YES;
				CLANG_WARN_UNREACHABLE_CODE = YES;
				CLANG_WARN__DUPLICATE_METHOD_MATCH = YES;
				"CODE_SIGN_IDENTITY[sdk=iphoneos*]" = "iPhone Developer";
				COPY_PHASE_STRIP = NO;
				DEBUG_INFORMATION_FORMAT = "dwarf-with-dsym";
				ENABLE_NS_ASSERTIONS = NO;
				ENABLE_STRICT_OBJC_MSGSEND = YES;
				GCC_C_LANGUAGE_STANDARD = gnu99;
				GCC_NO_COMMON_BLOCKS = YES;
				GCC_WARN_64_TO_32_BIT_CONVERSION = YES;
				GCC_WARN_ABOUT_RETURN_TYPE = YES_ERROR;
				GCC_WARN_UNDECLARED_SELECTOR = YES;
				GCC_WARN_UNINITIALIZED_AUTOS = YES_AGGRESSIVE;
				GCC_WARN_UNUSED_FUNCTION = YES;
				GCC_WARN_UNUSED_VARIABLE = YES;
				IPHONEOS_DEPLOYMENT_TARGET = 10.2;
				MTL_ENABLE_DEBUG_INFO = NO;
				SDKROOT = iphoneos;
				SWIFT_OPTIMIZATION_LEVEL = "-Owholemodule";
				TARGETED_DEVICE_FAMILY = "1,2";
				VALIDATE_PRODUCT = YES;
			};
			name = Release;
		};
		4D4349BE1E86802E000EB4C6 /* Debug */ = {
			isa = XCBuildConfiguration;
			buildSettings = {
				ASSETCATALOG_COMPILER_APPICON_NAME = AppIcon;
				DEVELOPMENT_TEAM = 33L2ZKF2XN;
				INFOPLIST_FILE = PizzaHunters/Info.plist;
				LD_RUNPATH_SEARCH_PATHS = "$(inherited) @executable_path/Frameworks";
				PRODUCT_BUNDLE_IDENTIFIER = iMoodyStudios.PizzaHunters;
				PRODUCT_NAME = "$(TARGET_NAME)";
				SWIFT_VERSION = 3.0;
			};
			name = Debug;
		};
		4D4349BF1E86802E000EB4C6 /* Release */ = {
			isa = XCBuildConfiguration;
			buildSettings = {
				ASSETCATALOG_COMPILER_APPICON_NAME = AppIcon;
				DEVELOPMENT_TEAM = 33L2ZKF2XN;
				INFOPLIST_FILE = PizzaHunters/Info.plist;
				LD_RUNPATH_SEARCH_PATHS = "$(inherited) @executable_path/Frameworks";
				PRODUCT_BUNDLE_IDENTIFIER = iMoodyStudios.PizzaHunters;
				PRODUCT_NAME = "$(TARGET_NAME)";
				SWIFT_VERSION = 3.0;
			};
			name = Release;
		};
		4D4349C11E86802E000EB4C6 /* Debug */ = {
			isa = XCBuildConfiguration;
			buildSettings = {
				ALWAYS_EMBED_SWIFT_STANDARD_LIBRARIES = YES;
				BUNDLE_LOADER = "$(TEST_HOST)";
				DEVELOPMENT_TEAM = 33L2ZKF2XN;
				INFOPLIST_FILE = PizzaHuntersTests/Info.plist;
				LD_RUNPATH_SEARCH_PATHS = "$(inherited) @executable_path/Frameworks @loader_path/Frameworks";
				PRODUCT_BUNDLE_IDENTIFIER = iMoodyStudios.PizzaHuntersTests;
				PRODUCT_NAME = "$(TARGET_NAME)";
				SWIFT_VERSION = 3.0;
				TEST_HOST = "$(BUILT_PRODUCTS_DIR)/GoodAsPizzaPlace.app/GoodAsPizzaPlace";
			};
			name = Debug;
		};
		4D4349C21E86802E000EB4C6 /* Release */ = {
			isa = XCBuildConfiguration;
			buildSettings = {
				ALWAYS_EMBED_SWIFT_STANDARD_LIBRARIES = YES;
				BUNDLE_LOADER = "$(TEST_HOST)";
				DEVELOPMENT_TEAM = 33L2ZKF2XN;
				INFOPLIST_FILE = PizzaHuntersTests/Info.plist;
				LD_RUNPATH_SEARCH_PATHS = "$(inherited) @executable_path/Frameworks @loader_path/Frameworks";
				PRODUCT_BUNDLE_IDENTIFIER = iMoodyStudios.PizzaHuntersTests;
				PRODUCT_NAME = "$(TARGET_NAME)";
				SWIFT_VERSION = 3.0;
				TEST_HOST = "$(BUILT_PRODUCTS_DIR)/GoodAsPizzaPlace.app/GoodAsPizzaPlace";
			};
			name = Release;
		};
		4D4349C41E86802E000EB4C6 /* Debug */ = {
			isa = XCBuildConfiguration;
			buildSettings = {
				ALWAYS_EMBED_SWIFT_STANDARD_LIBRARIES = YES;
				DEVELOPMENT_TEAM = 33L2ZKF2XN;
				INFOPLIST_FILE = PizzaHuntersUITests/Info.plist;
				LD_RUNPATH_SEARCH_PATHS = "$(inherited) @executable_path/Frameworks @loader_path/Frameworks";
				PRODUCT_BUNDLE_IDENTIFIER = iMoodyStudios.PizzaHuntersUITests;
				PRODUCT_NAME = "$(TARGET_NAME)";
				SWIFT_VERSION = 3.0;
				TEST_TARGET_NAME = PizzaHunters;
			};
			name = Debug;
		};
		4D4349C51E86802E000EB4C6 /* Release */ = {
			isa = XCBuildConfiguration;
			buildSettings = {
				ALWAYS_EMBED_SWIFT_STANDARD_LIBRARIES = YES;
				DEVELOPMENT_TEAM = 33L2ZKF2XN;
				INFOPLIST_FILE = PizzaHuntersUITests/Info.plist;
				LD_RUNPATH_SEARCH_PATHS = "$(inherited) @executable_path/Frameworks @loader_path/Frameworks";
				PRODUCT_BUNDLE_IDENTIFIER = iMoodyStudios.PizzaHuntersUITests;
				PRODUCT_NAME = "$(TARGET_NAME)";
				SWIFT_VERSION = 3.0;
				TEST_TARGET_NAME = PizzaHunters;
			};
			name = Release;
		};
/* End XCBuildConfiguration section */

/* Begin XCConfigurationList section */
		4D4349901E86802C000EB4C6 /* Build configuration list for PBXProject "GoodAsPizzaPlace" */ = {
			isa = XCConfigurationList;
			buildConfigurations = (
				4D4349BB1E86802E000EB4C6 /* Debug */,
				4D4349BC1E86802E000EB4C6 /* Release */,
			);
			defaultConfigurationIsVisible = 0;
			defaultConfigurationName = Release;
		};
		4D4349BD1E86802E000EB4C6 /* Build configuration list for PBXNativeTarget "GoodAsPizzaPlace" */ = {
			isa = XCConfigurationList;
			buildConfigurations = (
				4D4349BE1E86802E000EB4C6 /* Debug */,
				4D4349BF1E86802E000EB4C6 /* Release */,
			);
			defaultConfigurationIsVisible = 0;
			defaultConfigurationName = Release;
		};
		4D4349C01E86802E000EB4C6 /* Build configuration list for PBXNativeTarget "GoodAsPizzaPlaceTests" */ = {
			isa = XCConfigurationList;
			buildConfigurations = (
				4D4349C11E86802E000EB4C6 /* Debug */,
				4D4349C21E86802E000EB4C6 /* Release */,
			);
			defaultConfigurationIsVisible = 0;
			defaultConfigurationName = Release;
		};
		4D4349C31E86802E000EB4C6 /* Build configuration list for PBXNativeTarget "GoodAsPizzaPlaceUITests" */ = {
			isa = XCConfigurationList;
			buildConfigurations = (
				4D4349C41E86802E000EB4C6 /* Debug */,
				4D4349C51E86802E000EB4C6 /* Release */,
			);
			defaultConfigurationIsVisible = 0;
			defaultConfigurationName = Release;
		};
/* End XCConfigurationList section */
	};
	rootObject = 4D43498D1E86802C000EB4C6 /* Project object */;
}
